
Microsoft Visual Studio Solution File, Format Version 12.00
# Visual Studio Version 16
VisualStudioVersion = 16.0.31424.327
MinimumVisualStudioVersion = 10.0.40219.1
Project("{FAE04EC0-301F-11D3-BF4B-00C04F79EFBC}") = "HandyDandy", "HandyDandy\HandyDandy.csproj", "{4AA6CF5D-9F58-41A0-9D86-8458F3D39B7B}"
EndProject
Global
	GlobalSection(SolutionConfigurationPlatforms) = preSolution
		Debug|Any CPU = Debug|Any CPU
		Release|Any CPU = Release|Any CPU
	EndGlobalSection
	GlobalSection(ProjectConfigurationPlatforms) = postSolution
		{4AA6CF5D-9F58-41A0-9D86-8458F3D39B7B}.Debug|Any CPU.ActiveCfg = Debug|Any CPU
		{4AA6CF5D-9F58-41A0-9D86-8458F3D39B7B}.Debug|Any CPU.Build.0 = Debug|Any CPU
		{4AA6CF5D-9F58-41A0-9D86-8458F3D39B7B}.Release|Any CPU.ActiveCfg = Release|Any CPU
		{4AA6CF5D-9F58-41A0-9D86-8458F3D39B7B}.Release|Any CPU.Build.0 = Release|Any CPU
	EndGlobalSection
	GlobalSection(SolutionProperties) = preSolution
		HideSolutionNode = FALSE
	EndGlobalSection
	GlobalSection(ExtensibilityGlobals) = postSolution
		SolutionGuid = {3AA7D9F6-B7B0-4801-A229-6E5854A35E81}
	EndGlobalSection
EndGlobal
